// !$*UTF8*$!
{
	archiveVersion = 1;
	classes = {
	};
	objectVersion = 56;
	objects = {

/* Begin PBXBuildFile section */
		ACB12FC92B8E2C3D00551D0A /* AppDelegate.swift in Sources */ = {isa = PBXBuildFile; fileRef = ACB12FC82B8E2C3D00551D0A /* AppDelegate.swift */; };
		ACB12FCB2B8E2C3D00551D0A /* SceneDelegate.swift in Sources */ = {isa = PBXBuildFile; fileRef = ACB12FCA2B8E2C3D00551D0A /* SceneDelegate.swift */; };
		ACB12FCD2B8E2C3D00551D0A /* ViewController.swift in Sources */ = {isa = PBXBuildFile; fileRef = ACB12FCC2B8E2C3D00551D0A /* ViewController.swift */; };
		ACB12FD22B8E2C3E00551D0A /* Assets.xcassets in Resources */ = {isa = PBXBuildFile; fileRef = ACB12FD12B8E2C3E00551D0A /* Assets.xcassets */; };
		ACB12FD52B8E2C3E00551D0A /* LaunchScreen.storyboard in Resources */ = {isa = PBXBuildFile; fileRef = ACB12FD32B8E2C3E00551D0A /* LaunchScreen.storyboard */; };
		ACB12FE22B8E383400551D0A /* UIFonts+Extension.swift in Sources */ = {isa = PBXBuildFile; fileRef = ACB12FE12B8E383400551D0A /* UIFonts+Extension.swift */; };
		ACB12FF12B8E447F00551D0A /* Roboto-Medium.ttf in Resources */ = {isa = PBXBuildFile; fileRef = ACB12FE42B8E447F00551D0A /* Roboto-Medium.ttf */; };
		ACB12FF22B8E447F00551D0A /* Roboto-Light.ttf in Resources */ = {isa = PBXBuildFile; fileRef = ACB12FE52B8E447F00551D0A /* Roboto-Light.ttf */; };
		ACB12FF32B8E447F00551D0A /* Roboto-Regular.ttf in Resources */ = {isa = PBXBuildFile; fileRef = ACB12FE62B8E447F00551D0A /* Roboto-Regular.ttf */; };
		ACB12FF42B8E447F00551D0A /* Roboto-MediumItalic.ttf in Resources */ = {isa = PBXBuildFile; fileRef = ACB12FE72B8E447F00551D0A /* Roboto-MediumItalic.ttf */; };
		ACB12FF52B8E447F00551D0A /* Roboto-ThinItalic.ttf in Resources */ = {isa = PBXBuildFile; fileRef = ACB12FE82B8E447F00551D0A /* Roboto-ThinItalic.ttf */; };
		ACB12FF62B8E447F00551D0A /* Roboto-BoldItalic.ttf in Resources */ = {isa = PBXBuildFile; fileRef = ACB12FE92B8E447F00551D0A /* Roboto-BoldItalic.ttf */; };
		ACB12FF72B8E447F00551D0A /* Roboto-LightItalic.ttf in Resources */ = {isa = PBXBuildFile; fileRef = ACB12FEA2B8E447F00551D0A /* Roboto-LightItalic.ttf */; };
		ACB12FF82B8E447F00551D0A /* Roboto-Italic.ttf in Resources */ = {isa = PBXBuildFile; fileRef = ACB12FEB2B8E447F00551D0A /* Roboto-Italic.ttf */; };
		ACB12FF92B8E447F00551D0A /* LICENSE.txt in Resources */ = {isa = PBXBuildFile; fileRef = ACB12FEC2B8E447F00551D0A /* LICENSE.txt */; };
		ACB12FFA2B8E447F00551D0A /* Roboto-BlackItalic.ttf in Resources */ = {isa = PBXBuildFile; fileRef = ACB12FED2B8E447F00551D0A /* Roboto-BlackItalic.ttf */; };
		ACB12FFB2B8E447F00551D0A /* Roboto-Bold.ttf in Resources */ = {isa = PBXBuildFile; fileRef = ACB12FEE2B8E447F00551D0A /* Roboto-Bold.ttf */; };
		ACB12FFC2B8E447F00551D0A /* Roboto-Thin.ttf in Resources */ = {isa = PBXBuildFile; fileRef = ACB12FEF2B8E447F00551D0A /* Roboto-Thin.ttf */; };
		ACB12FFD2B8E447F00551D0A /* Roboto-Black.ttf in Resources */ = {isa = PBXBuildFile; fileRef = ACB12FF02B8E447F00551D0A /* Roboto-Black.ttf */; };
/* End PBXBuildFile section */

/* Begin PBXFileReference section */
		ACB12FC52B8E2C3D00551D0A /* FoodDeliveryApp.app */ = {isa = PBXFileReference; explicitFileType = wrapper.application; includeInIndex = 0; path = FoodDeliveryApp.app; sourceTree = BUILT_PRODUCTS_DIR; };
		ACB12FC82B8E2C3D00551D0A /* AppDelegate.swift */ = {isa = PBXFileReference; lastKnownFileType = sourcecode.swift; path = AppDelegate.swift; sourceTree = "<group>"; };
		ACB12FCA2B8E2C3D00551D0A /* SceneDelegate.swift */ = {isa = PBXFileReference; lastKnownFileType = sourcecode.swift; path = SceneDelegate.swift; sourceTree = "<group>"; };
		ACB12FCC2B8E2C3D00551D0A /* ViewController.swift */ = {isa = PBXFileReference; lastKnownFileType = sourcecode.swift; path = ViewController.swift; sourceTree = "<group>"; };
		ACB12FD12B8E2C3E00551D0A /* Assets.xcassets */ = {isa = PBXFileReference; lastKnownFileType = folder.assetcatalog; path = Assets.xcassets; sourceTree = "<group>"; };
		ACB12FD42B8E2C3E00551D0A /* Base */ = {isa = PBXFileReference; lastKnownFileType = file.storyboard; name = Base; path = Base.lproj/LaunchScreen.storyboard; sourceTree = "<group>"; };
		ACB12FD62B8E2C3E00551D0A /* Info.plist */ = {isa = PBXFileReference; lastKnownFileType = text.plist.xml; path = Info.plist; sourceTree = "<group>"; };
		ACB12FE12B8E383400551D0A /* UIFonts+Extension.swift */ = {isa = PBXFileReference; lastKnownFileType = sourcecode.swift; path = "UIFonts+Extension.swift"; sourceTree = "<group>"; };
		ACB12FE42B8E447F00551D0A /* Roboto-Medium.ttf */ = {isa = PBXFileReference; lastKnownFileType = file; path = "Roboto-Medium.ttf"; sourceTree = "<group>"; };
		ACB12FE52B8E447F00551D0A /* Roboto-Light.ttf */ = {isa = PBXFileReference; lastKnownFileType = file; path = "Roboto-Light.ttf"; sourceTree = "<group>"; };
		ACB12FE62B8E447F00551D0A /* Roboto-Regular.ttf */ = {isa = PBXFileReference; lastKnownFileType = file; path = "Roboto-Regular.ttf"; sourceTree = "<group>"; };
		ACB12FE72B8E447F00551D0A /* Roboto-MediumItalic.ttf */ = {isa = PBXFileReference; lastKnownFileType = file; path = "Roboto-MediumItalic.ttf"; sourceTree = "<group>"; };
		ACB12FE82B8E447F00551D0A /* Roboto-ThinItalic.ttf */ = {isa = PBXFileReference; lastKnownFileType = file; path = "Roboto-ThinItalic.ttf"; sourceTree = "<group>"; };
		ACB12FE92B8E447F00551D0A /* Roboto-BoldItalic.ttf */ = {isa = PBXFileReference; lastKnownFileType = file; path = "Roboto-BoldItalic.ttf"; sourceTree = "<group>"; };
		ACB12FEA2B8E447F00551D0A /* Roboto-LightItalic.ttf */ = {isa = PBXFileReference; lastKnownFileType = file; path = "Roboto-LightItalic.ttf"; sourceTree = "<group>"; };
		ACB12FEB2B8E447F00551D0A /* Roboto-Italic.ttf */ = {isa = PBXFileReference; lastKnownFileType = file; path = "Roboto-Italic.ttf"; sourceTree = "<group>"; };
		ACB12FEC2B8E447F00551D0A /* LICENSE.txt */ = {isa = PBXFileReference; fileEncoding = 4; lastKnownFileType = text; path = LICENSE.txt; sourceTree = "<group>"; };
		ACB12FED2B8E447F00551D0A /* Roboto-BlackItalic.ttf */ = {isa = PBXFileReference; lastKnownFileType = file; path = "Roboto-BlackItalic.ttf"; sourceTree = "<group>"; };
		ACB12FEE2B8E447F00551D0A /* Roboto-Bold.ttf */ = {isa = PBXFileReference; lastKnownFileType = file; path = "Roboto-Bold.ttf"; sourceTree = "<group>"; };
		ACB12FEF2B8E447F00551D0A /* Roboto-Thin.ttf */ = {isa = PBXFileReference; lastKnownFileType = file; path = "Roboto-Thin.ttf"; sourceTree = "<group>"; };
		ACB12FF02B8E447F00551D0A /* Roboto-Black.ttf */ = {isa = PBXFileReference; lastKnownFileType = file; path = "Roboto-Black.ttf"; sourceTree = "<group>"; };
/* End PBXFileReference section */

/* Begin PBXFrameworksBuildPhase section */
		ACB12FC22B8E2C3D00551D0A /* Frameworks */ = {
			isa = PBXFrameworksBuildPhase;
			buildActionMask = 2147483647;
			files = (
			);
			runOnlyForDeploymentPostprocessing = 0;
		};
/* End PBXFrameworksBuildPhase section */

/* Begin PBXGroup section */
		ACB12FBC2B8E2C3D00551D0A = {
			isa = PBXGroup;
			children = (
				ACB12FC72B8E2C3D00551D0A /* FoodDeliveryApp */,
				ACB12FC62B8E2C3D00551D0A /* Products */,
			);
			sourceTree = "<group>";
		};
		ACB12FC62B8E2C3D00551D0A /* Products */ = {
			isa = PBXGroup;
			children = (
				ACB12FC52B8E2C3D00551D0A /* FoodDeliveryApp.app */,
			);
			name = Products;
			sourceTree = "<group>";
		};
		ACB12FC72B8E2C3D00551D0A /* FoodDeliveryApp */ = {
			isa = PBXGroup;
			children = (
				ACB12FDC2B8E36C800551D0A /* Resources */,
				ACB12FC82B8E2C3D00551D0A /* AppDelegate.swift */,
				ACB12FCA2B8E2C3D00551D0A /* SceneDelegate.swift */,
				ACB12FCC2B8E2C3D00551D0A /* ViewController.swift */,
				ACB12FD12B8E2C3E00551D0A /* Assets.xcassets */,
				ACB12FD32B8E2C3E00551D0A /* LaunchScreen.storyboard */,
				ACB12FD62B8E2C3E00551D0A /* Info.plist */,
			);
			path = FoodDeliveryApp;
			sourceTree = "<group>";
		};
		ACB12FDC2B8E36C800551D0A /* Resources */ = {
			isa = PBXGroup;
			children = (
				ACB12FE02B8E381C00551D0A /* Extensions */,
				ACB12FDD2B8E36D800551D0A /* Fonts */,
			);
			path = Resources;
			sourceTree = "<group>";
		};
		ACB12FDD2B8E36D800551D0A /* Fonts */ = {
			isa = PBXGroup;
			children = (
				ACB12FE32B8E447F00551D0A /* Roboto */,
			);
			path = Fonts;
			sourceTree = "<group>";
		};
		ACB12FE02B8E381C00551D0A /* Extensions */ = {
			isa = PBXGroup;
			children = (
				ACB12FE12B8E383400551D0A /* UIFonts+Extension.swift */,
			);
			path = Extensions;
			sourceTree = "<group>";
		};
		ACB12FE32B8E447F00551D0A /* Roboto */ = {
			isa = PBXGroup;
			children = (
				ACB12FE42B8E447F00551D0A /* Roboto-Medium.ttf */,
				ACB12FE52B8E447F00551D0A /* Roboto-Light.ttf */,
				ACB12FE62B8E447F00551D0A /* Roboto-Regular.ttf */,
				ACB12FE72B8E447F00551D0A /* Roboto-MediumItalic.ttf */,
				ACB12FE82B8E447F00551D0A /* Roboto-ThinItalic.ttf */,
				ACB12FE92B8E447F00551D0A /* Roboto-BoldItalic.ttf */,
				ACB12FEA2B8E447F00551D0A /* Roboto-LightItalic.ttf */,
				ACB12FEB2B8E447F00551D0A /* Roboto-Italic.ttf */,
				ACB12FEC2B8E447F00551D0A /* LICENSE.txt */,
				ACB12FED2B8E447F00551D0A /* Roboto-BlackItalic.ttf */,
				ACB12FEE2B8E447F00551D0A /* Roboto-Bold.ttf */,
				ACB12FEF2B8E447F00551D0A /* Roboto-Thin.ttf */,
				ACB12FF02B8E447F00551D0A /* Roboto-Black.ttf */,
			);
			path = Roboto;
			sourceTree = "<group>";
		};
/* End PBXGroup section */

/* Begin PBXNativeTarget section */
		ACB12FC42B8E2C3D00551D0A /* FoodDeliveryApp */ = {
			isa = PBXNativeTarget;
			buildConfigurationList = ACB12FD92B8E2C3E00551D0A /* Build configuration list for PBXNativeTarget "FoodDeliveryApp" */;
			buildPhases = (
				ACB12FC12B8E2C3D00551D0A /* Sources */,
				ACB12FC22B8E2C3D00551D0A /* Frameworks */,
				ACB12FC32B8E2C3D00551D0A /* Resources */,
			);
			buildRules = (
			);
			dependencies = (
			);
			name = FoodDeliveryApp;
			productName = FoodDeliveryApp;
			productReference = ACB12FC52B8E2C3D00551D0A /* FoodDeliveryApp.app */;
			productType = "com.apple.product-type.application";
		};
/* End PBXNativeTarget section */

/* Begin PBXProject section */
		ACB12FBD2B8E2C3D00551D0A /* Project object */ = {
			isa = PBXProject;
			attributes = {
				BuildIndependentTargetsInParallel = 1;
				LastSwiftUpdateCheck = 1520;
				LastUpgradeCheck = 1520;
				TargetAttributes = {
					ACB12FC42B8E2C3D00551D0A = {
						CreatedOnToolsVersion = 15.2;
					};
				};
			};
			buildConfigurationList = ACB12FC02B8E2C3D00551D0A /* Build configuration list for PBXProject "FoodDeliveryApp" */;
			compatibilityVersion = "Xcode 14.0";
			developmentRegion = en;
			hasScannedForEncodings = 0;
			knownRegions = (
				en,
				Base,
			);
			mainGroup = ACB12FBC2B8E2C3D00551D0A;
			productRefGroup = ACB12FC62B8E2C3D00551D0A /* Products */;
			projectDirPath = "";
			projectRoot = "";
			targets = (
				ACB12FC42B8E2C3D00551D0A /* FoodDeliveryApp */,
			);
		};
/* End PBXProject section */

/* Begin PBXResourcesBuildPhase section */
		ACB12FC32B8E2C3D00551D0A /* Resources */ = {
			isa = PBXResourcesBuildPhase;
			buildActionMask = 2147483647;
			files = (
				ACB12FFC2B8E447F00551D0A /* Roboto-Thin.ttf in Resources */,
				ACB12FF92B8E447F00551D0A /* LICENSE.txt in Resources */,
				ACB12FFD2B8E447F00551D0A /* Roboto-Black.ttf in Resources */,
				ACB12FFB2B8E447F00551D0A /* Roboto-Bold.ttf in Resources */,
				ACB12FD52B8E2C3E00551D0A /* LaunchScreen.storyboard in Resources */,
				ACB12FD22B8E2C3E00551D0A /* Assets.xcassets in Resources */,
				ACB12FF62B8E447F00551D0A /* Roboto-BoldItalic.ttf in Resources */,
				ACB12FF32B8E447F00551D0A /* Roboto-Regular.ttf in Resources */,
				ACB12FF52B8E447F00551D0A /* Roboto-ThinItalic.ttf in Resources */,
				ACB12FF72B8E447F00551D0A /* Roboto-LightItalic.ttf in Resources */,
				ACB12FFA2B8E447F00551D0A /* Roboto-BlackItalic.ttf in Resources */,
				ACB12FF22B8E447F00551D0A /* Roboto-Light.ttf in Resources */,
				ACB12FF82B8E447F00551D0A /* Roboto-Italic.ttf in Resources */,
				ACB12FF42B8E447F00551D0A /* Roboto-MediumItalic.ttf in Resources */,
				ACB12FF12B8E447F00551D0A /* Roboto-Medium.ttf in Resources */,
			);
			runOnlyForDeploymentPostprocessing = 0;
		};
/* End PBXResourcesBuildPhase section */

/* Begin PBXSourcesBuildPhase section */
		ACB12FC12B8E2C3D00551D0A /* Sources */ = {
			isa = PBXSourcesBuildPhase;
			buildActionMask = 2147483647;
			files = (
				ACB12FCD2B8E2C3D00551D0A /* ViewController.swift in Sources */,
				ACB12FC92B8E2C3D00551D0A /* AppDelegate.swift in Sources */,
				ACB12FE22B8E383400551D0A /* UIFonts+Extension.swift in Sources */,
				ACB12FCB2B8E2C3D00551D0A /* SceneDelegate.swift in Sources */,
			);
			runOnlyForDeploymentPostprocessing = 0;
		};
/* End PBXSourcesBuildPhase section */

/* Begin PBXVariantGroup section */
		ACB12FD32B8E2C3E00551D0A /* LaunchScreen.storyboard */ = {
			isa = PBXVariantGroup;
			children = (
				ACB12FD42B8E2C3E00551D0A /* Base */,
			);
			name = LaunchScreen.storyboard;
			sourceTree = "<group>";
		};
/* End PBXVariantGroup section */

/* Begin XCBuildConfiguration section */
		ACB12FD72B8E2C3E00551D0A /* Debug */ = {
			isa = XCBuildConfiguration;
			buildSettings = {
				ALWAYS_SEARCH_USER_PATHS = NO;
				ASSETCATALOG_COMPILER_GENERATE_SWIFT_ASSET_SYMBOL_EXTENSIONS = YES;
				CLANG_ANALYZER_NONNULL = YES;
				CLANG_ANALYZER_NUMBER_OBJECT_CONVERSION = YES_AGGRESSIVE;
				CLANG_CXX_LANGUAGE_STANDARD = "gnu++20";
				CLANG_ENABLE_MODULES = YES;
				CLANG_ENABLE_OBJC_ARC = YES;
				CLANG_ENABLE_OBJC_WEAK = YES;
				CLANG_WARN_BLOCK_CAPTURE_AUTORELEASING = YES;
				CLANG_WARN_BOOL_CONVERSION = YES;
				CLANG_WARN_COMMA = YES;
				CLANG_WARN_CONSTANT_CONVERSION = YES;
				CLANG_WARN_DEPRECATED_OBJC_IMPLEMENTATIONS = YES;
				CLANG_WARN_DIRECT_OBJC_ISA_USAGE = YES_ERROR;
				CLANG_WARN_DOCUMENTATION_COMMENTS = YES;
				CLANG_WARN_EMPTY_BODY = YES;
				CLANG_WARN_ENUM_CONVERSION = YES;
				CLANG_WARN_INFINITE_RECURSION = YES;
				CLANG_WARN_INT_CONVERSION = YES;
				CLANG_WARN_NON_LITERAL_NULL_CONVERSION = YES;
				CLANG_WARN_OBJC_IMPLICIT_RETAIN_SELF = YES;
				CLANG_WARN_OBJC_LITERAL_CONVERSION = YES;
				CLANG_WARN_OBJC_ROOT_CLASS = YES_ERROR;
				CLANG_WARN_QUOTED_INCLUDE_IN_FRAMEWORK_HEADER = YES;
				CLANG_WARN_RANGE_LOOP_ANALYSIS = YES;
				CLANG_WARN_STRICT_PROTOTYPES = YES;
				CLANG_WARN_SUSPICIOUS_MOVE = YES;
				CLANG_WARN_UNGUARDED_AVAILABILITY = YES_AGGRESSIVE;
				CLANG_WARN_UNREACHABLE_CODE = YES;
				CLANG_WARN__DUPLICATE_METHOD_MATCH = YES;
				COPY_PHASE_STRIP = NO;
				DEBUG_INFORMATION_FORMAT = dwarf;
				ENABLE_STRICT_OBJC_MSGSEND = YES;
				ENABLE_TESTABILITY = YES;
				ENABLE_USER_SCRIPT_SANDBOXING = YES;
				GCC_C_LANGUAGE_STANDARD = gnu17;
				GCC_DYNAMIC_NO_PIC = NO;
				GCC_NO_COMMON_BLOCKS = YES;
				GCC_OPTIMIZATION_LEVEL = 0;
				GCC_PREPROCESSOR_DEFINITIONS = (
					"DEBUG=1",
					"$(inherited)",
				);
				GCC_WARN_64_TO_32_BIT_CONVERSION = YES;
				GCC_WARN_ABOUT_RETURN_TYPE = YES_ERROR;
				GCC_WARN_UNDECLARED_SELECTOR = YES;
				GCC_WARN_UNINITIALIZED_AUTOS = YES_AGGRESSIVE;
				GCC_WARN_UNUSED_FUNCTION = YES;
				GCC_WARN_UNUSED_VARIABLE = YES;
				IPHONEOS_DEPLOYMENT_TARGET = 17.2;
				LOCALIZATION_PREFERS_STRING_CATALOGS = YES;
				MTL_ENABLE_DEBUG_INFO = INCLUDE_SOURCE;
				MTL_FAST_MATH = YES;
				ONLY_ACTIVE_ARCH = YES;
				SDKROOT = iphoneos;
				SWIFT_ACTIVE_COMPILATION_CONDITIONS = "DEBUG $(inherited)";
				SWIFT_OPTIMIZATION_LEVEL = "-Onone";
			};
			name = Debug;
		};
		ACB12FD82B8E2C3E00551D0A /* Release */ = {
			isa = XCBuildConfiguration;
			buildSettings = {
				ALWAYS_SEARCH_USER_PATHS = NO;
				ASSETCATALOG_COMPILER_GENERATE_SWIFT_ASSET_SYMBOL_EXTENSIONS = YES;
				CLANG_ANALYZER_NONNULL = YES;
				CLANG_ANALYZER_NUMBER_OBJECT_CONVERSION = YES_AGGRESSIVE;
				CLANG_CXX_LANGUAGE_STANDARD = "gnu++20";
				CLANG_ENABLE_MODULES = YES;
				CLANG_ENABLE_OBJC_ARC = YES;
				CLANG_ENABLE_OBJC_WEAK = YES;
				CLANG_WARN_BLOCK_CAPTURE_AUTORELEASING = YES;
				CLANG_WARN_BOOL_CONVERSION = YES;
				CLANG_WARN_COMMA = YES;
				CLANG_WARN_CONSTANT_CONVERSION = YES;
				CLANG_WARN_DEPRECATED_OBJC_IMPLEMENTATIONS = YES;
				CLANG_WARN_DIRECT_OBJC_ISA_USAGE = YES_ERROR;
				CLANG_WARN_DOCUMENTATION_COMMENTS = YES;
				CLANG_WARN_EMPTY_BODY = YES;
				CLANG_WARN_ENUM_CONVERSION = YES;
				CLANG_WARN_INFINITE_RECURSION = YES;
				CLANG_WARN_INT_CONVERSION = YES;
				CLANG_WARN_NON_LITERAL_NULL_CONVERSION = YES;
				CLANG_WARN_OBJC_IMPLICIT_RETAIN_SELF = YES;
				CLANG_WARN_OBJC_LITERAL_CONVERSION = YES;
				CLANG_WARN_OBJC_ROOT_CLASS = YES_ERROR;
				CLANG_WARN_QUOTED_INCLUDE_IN_FRAMEWORK_HEADER = YES;
				CLANG_WARN_RANGE_LOOP_ANALYSIS = YES;
				CLANG_WARN_STRICT_PROTOTYPES = YES;
				CLANG_WARN_SUSPICIOUS_MOVE = YES;
				CLANG_WARN_UNGUARDED_AVAILABILITY = YES_AGGRESSIVE;
				CLANG_WARN_UNREACHABLE_CODE = YES;
				CLANG_WARN__DUPLICATE_METHOD_MATCH = YES;
				COPY_PHASE_STRIP = NO;
				DEBUG_INFORMATION_FORMAT = "dwarf-with-dsym";
				ENABLE_NS_ASSERTIONS = NO;
				ENABLE_STRICT_OBJC_MSGSEND = YES;
				ENABLE_USER_SCRIPT_SANDBOXING = YES;
				GCC_C_LANGUAGE_STANDARD = gnu17;
				GCC_NO_COMMON_BLOCKS = YES;
				GCC_WARN_64_TO_32_BIT_CONVERSION = YES;
				GCC_WARN_ABOUT_RETURN_TYPE = YES_ERROR;
				GCC_WARN_UNDECLARED_SELECTOR = YES;
				GCC_WARN_UNINITIALIZED_AUTOS = YES_AGGRESSIVE;
				GCC_WARN_UNUSED_FUNCTION = YES;
				GCC_WARN_UNUSED_VARIABLE = YES;
				IPHONEOS_DEPLOYMENT_TARGET = 17.2;
				LOCALIZATION_PREFERS_STRING_CATALOGS = YES;
				MTL_ENABLE_DEBUG_INFO = NO;
				MTL_FAST_MATH = YES;
				SDKROOT = iphoneos;
				SWIFT_COMPILATION_MODE = wholemodule;
				VALIDATE_PRODUCT = YES;
			};
			name = Release;
		};
		ACB12FDA2B8E2C3E00551D0A /* Debug */ = {
			isa = XCBuildConfiguration;
			buildSettings = {
				ASSETCATALOG_COMPILER_APPICON_NAME = AppIcon;
				ASSETCATALOG_COMPILER_GLOBAL_ACCENT_COLOR_NAME = AccentColor;
				CODE_SIGN_STYLE = Automatic;
				CURRENT_PROJECT_VERSION = 1;
				DEVELOPMENT_TEAM = D4R9788Y8X;
				GENERATE_INFOPLIST_FILE = YES;
				INFOPLIST_FILE = FoodDeliveryApp/Info.plist;
				INFOPLIST_KEY_UIApplicationSupportsIndirectInputEvents = YES;
				INFOPLIST_KEY_UILaunchStoryboardName = LaunchScreen;
				INFOPLIST_KEY_UISupportedInterfaceOrientations = UIInterfaceOrientationPortrait;
				INFOPLIST_KEY_UISupportedInterfaceOrientations_iPad = "UIInterfaceOrientationLandscapeLeft UIInterfaceOrientationLandscapeRight UIInterfaceOrientationPortrait UIInterfaceOrientationPortraitUpsideDown";
				LD_RUNPATH_SEARCH_PATHS = (
					"$(inherited)",
					"@executable_path/Frameworks",
				);
				MARKETING_VERSION = 1.0;
				PRODUCT_BUNDLE_IDENTIFIER = AM.FoodDeliveryApp;
				PRODUCT_NAME = "$(TARGET_NAME)";
				SUPPORTED_PLATFORMS = "iphoneos iphonesimulator";
				SUPPORTS_MACCATALYST = NO;
				SUPPORTS_MAC_DESIGNED_FOR_IPHONE_IPAD = NO;
				SUPPORTS_XR_DESIGNED_FOR_IPHONE_IPAD = NO;
				SWIFT_EMIT_LOC_STRINGS = YES;
				SWIFT_VERSION = 5.0;
				TARGETED_DEVICE_FAMILY = 1;
			};
			name = Debug;
		};
		ACB12FDB2B8E2C3E00551D0A /* Release */ = {
			isa = XCBuildConfiguration;
			buildSettings = {
				ASSETCATALOG_COMPILER_APPICON_NAME = AppIcon;
				ASSETCATALOG_COMPILER_GLOBAL_ACCENT_COLOR_NAME = AccentColor;
				CODE_SIGN_STYLE = Automatic;
				CURRENT_PROJECT_VERSION = 1;
				DEVELOPMENT_TEAM = D4R9788Y8X;
				GENERATE_INFOPLIST_FILE = YES;
				INFOPLIST_FILE = FoodDeliveryApp/Info.plist;
				INFOPLIST_KEY_UIApplicationSupportsIndirectInputEvents = YES;
				INFOPLIST_KEY_UILaunchStoryboardName = LaunchScreen;
				INFOPLIST_KEY_UISupportedInterfaceOrientations = UIInterfaceOrientationPortrait;
				INFOPLIST_KEY_UISupportedInterfaceOrientations_iPad = "UIInterfaceOrientationLandscapeLeft UIInterfaceOrientationLandscapeRight UIInterfaceOrientationPortrait UIInterfaceOrientationPortraitUpsideDown";
				LD_RUNPATH_SEARCH_PATHS = (
					"$(inherited)",
					"@executable_path/Frameworks",
				);
				MARKETING_VERSION = 1.0;
				PRODUCT_BUNDLE_IDENTIFIER = AM.FoodDeliveryApp;
				PRODUCT_NAME = "$(TARGET_NAME)";
				SUPPORTED_PLATFORMS = "iphoneos iphonesimulator";
				SUPPORTS_MACCATALYST = NO;
				SUPPORTS_MAC_DESIGNED_FOR_IPHONE_IPAD = NO;
				SUPPORTS_XR_DESIGNED_FOR_IPHONE_IPAD = NO;
				SWIFT_EMIT_LOC_STRINGS = YES;
				SWIFT_VERSION = 5.0;
				TARGETED_DEVICE_FAMILY = 1;
			};
			name = Release;
		};
/* End XCBuildConfiguration section */

/* Begin XCConfigurationList section */
		ACB12FC02B8E2C3D00551D0A /* Build configuration list for PBXProject "FoodDeliveryApp" */ = {
			isa = XCConfigurationList;
			buildConfigurations = (
				ACB12FD72B8E2C3E00551D0A /* Debug */,
				ACB12FD82B8E2C3E00551D0A /* Release */,
			);
			defaultConfigurationIsVisible = 0;
			defaultConfigurationName = Release;
		};
		ACB12FD92B8E2C3E00551D0A /* Build configuration list for PBXNativeTarget "FoodDeliveryApp" */ = {
			isa = XCConfigurationList;
			buildConfigurations = (
				ACB12FDA2B8E2C3E00551D0A /* Debug */,
				ACB12FDB2B8E2C3E00551D0A /* Release */,
			);
			defaultConfigurationIsVisible = 0;
			defaultConfigurationName = Release;
		};
/* End XCConfigurationList section */
	};
	rootObject = ACB12FBD2B8E2C3D00551D0A /* Project object */;
}
